
Microsoft Visual Studio Solution File, Format Version 12.00
# Visual Studio 14
VisualStudioVersion = 14.0.24720.0
MinimumVisualStudioVersion = 10.0.40219.1
Project("{FAE04EC0-301F-11D3-BF4B-00C04F79EFBC}") = "Common.CompositionRoot", "Common.CompositionRoot\Common.CompositionRoot.csproj", "{AB82848A-550E-422F-8F91-575630460F6D}"
EndProject
Project("{FAE04EC0-301F-11D3-BF4B-00C04F79EFBC}") = "Special.CompositionRoot", "Special.CompositionRoot\Special.CompositionRoot.csproj", "{1CF00869-9BCD-4089-B475-785C6B814695}"
EndProject
Project("{FAE04EC0-301F-11D3-BF4B-00C04F79EFBC}") = "Common.Reporting", "Common.Reporting\Common.Reporting.csproj", "{287CEBF8-B153-4388-BAF0-76B0BDC5F326}"
EndProject
Project("{FAE04EC0-301F-11D3-BF4B-00C04F79EFBC}") = "Special.Reporting", "Special.Reporting\Special.Reporting.csproj", "{BEDD01F9-C1D0-47CD-BB3E-6EB19CA5EA97}"
EndProject
Project("{FAE04EC0-301F-11D3-BF4B-00C04F79EFBC}") = "Special.Domain", "Special.Domain\Special.Domain.csproj", "{98781A47-8391-4F12-830C-33688E9FBAC4}"
EndProject
Project("{2150E333-8FDC-42A3-9474-1A3956D46DE8}") = "Common", "Common", "{53DDEA1D-BDE5-47F4-B99C-C3C93B12B1B0}"
EndProject
Project("{2150E333-8FDC-42A3-9474-1A3956D46DE8}") = "Special", "Special", "{144581FA-B358-4893-81D3-823C8BB0C83B}"
EndProject
Project("{FAE04EC0-301F-11D3-BF4B-00C04F79EFBC}") = "Common.Domain", "Common.Domain\Common.Domain.csproj", "{27B96026-AB83-4810-A719-AA8A9A8082DB}"
EndProject
Project("{FAE04EC0-301F-11D3-BF4B-00C04F79EFBC}") = "Common.Provider", "Common.Provider\Common.Provider.csproj", "{104EBE1F-4700-4189-8B70-F796C51A4575}"
EndProject
Project("{FAE04EC0-301F-11D3-BF4B-00C04F79EFBC}") = "Special.Provider", "Special.Provider\Special.Provider.csproj", "{60A20C33-9261-40F5-BAAA-83B5798AF946}"
EndProject
Global
	GlobalSection(SolutionConfigurationPlatforms) = preSolution
		Debug|Any CPU = Debug|Any CPU
		Release|Any CPU = Release|Any CPU
	EndGlobalSection
	GlobalSection(ProjectConfigurationPlatforms) = postSolution
		{AB82848A-550E-422F-8F91-575630460F6D}.Debug|Any CPU.ActiveCfg = Debug|Any CPU
		{AB82848A-550E-422F-8F91-575630460F6D}.Debug|Any CPU.Build.0 = Debug|Any CPU
		{AB82848A-550E-422F-8F91-575630460F6D}.Release|Any CPU.ActiveCfg = Release|Any CPU
		{AB82848A-550E-422F-8F91-575630460F6D}.Release|Any CPU.Build.0 = Release|Any CPU
		{1CF00869-9BCD-4089-B475-785C6B814695}.Debug|Any CPU.ActiveCfg = Debug|Any CPU
		{1CF00869-9BCD-4089-B475-785C6B814695}.Debug|Any CPU.Build.0 = Debug|Any CPU
		{1CF00869-9BCD-4089-B475-785C6B814695}.Release|Any CPU.ActiveCfg = Release|Any CPU
		{1CF00869-9BCD-4089-B475-785C6B814695}.Release|Any CPU.Build.0 = Release|Any CPU
		{287CEBF8-B153-4388-BAF0-76B0BDC5F326}.Debug|Any CPU.ActiveCfg = Debug|Any CPU
		{287CEBF8-B153-4388-BAF0-76B0BDC5F326}.Debug|Any CPU.Build.0 = Debug|Any CPU
		{287CEBF8-B153-4388-BAF0-76B0BDC5F326}.Release|Any CPU.ActiveCfg = Release|Any CPU
		{287CEBF8-B153-4388-BAF0-76B0BDC5F326}.Release|Any CPU.Build.0 = Release|Any CPU
		{BEDD01F9-C1D0-47CD-BB3E-6EB19CA5EA97}.Debug|Any CPU.ActiveCfg = Debug|Any CPU
		{BEDD01F9-C1D0-47CD-BB3E-6EB19CA5EA97}.Debug|Any CPU.Build.0 = Debug|Any CPU
		{BEDD01F9-C1D0-47CD-BB3E-6EB19CA5EA97}.Release|Any CPU.ActiveCfg = Release|Any CPU
		{BEDD01F9-C1D0-47CD-BB3E-6EB19CA5EA97}.Release|Any CPU.Build.0 = Release|Any CPU
		{98781A47-8391-4F12-830C-33688E9FBAC4}.Debug|Any CPU.ActiveCfg = Debug|Any CPU
		{98781A47-8391-4F12-830C-33688E9FBAC4}.Debug|Any CPU.Build.0 = Debug|Any CPU
		{98781A47-8391-4F12-830C-33688E9FBAC4}.Release|Any CPU.ActiveCfg = Release|Any CPU
		{98781A47-8391-4F12-830C-33688E9FBAC4}.Release|Any CPU.Build.0 = Release|Any CPU
		{27B96026-AB83-4810-A719-AA8A9A8082DB}.Debug|Any CPU.ActiveCfg = Debug|Any CPU
		{27B96026-AB83-4810-A719-AA8A9A8082DB}.Debug|Any CPU.Build.0 = Debug|Any CPU
		{27B96026-AB83-4810-A719-AA8A9A8082DB}.Release|Any CPU.ActiveCfg = Release|Any CPU
		{27B96026-AB83-4810-A719-AA8A9A8082DB}.Release|Any CPU.Build.0 = Release|Any CPU
		{104EBE1F-4700-4189-8B70-F796C51A4575}.Debug|Any CPU.ActiveCfg = Debug|Any CPU
		{104EBE1F-4700-4189-8B70-F796C51A4575}.Debug|Any CPU.Build.0 = Debug|Any CPU
		{104EBE1F-4700-4189-8B70-F796C51A4575}.Release|Any CPU.ActiveCfg = Release|Any CPU
		{104EBE1F-4700-4189-8B70-F796C51A4575}.Release|Any CPU.Build.0 = Release|Any CPU
		{60A20C33-9261-40F5-BAAA-83B5798AF946}.Debug|Any CPU.ActiveCfg = Debug|Any CPU
		{60A20C33-9261-40F5-BAAA-83B5798AF946}.Debug|Any CPU.Build.0 = Debug|Any CPU
		{60A20C33-9261-40F5-BAAA-83B5798AF946}.Release|Any CPU.ActiveCfg = Release|Any CPU
		{60A20C33-9261-40F5-BAAA-83B5798AF946}.Release|Any CPU.Build.0 = Release|Any CPU
	EndGlobalSection
	GlobalSection(SolutionProperties) = preSolution
		HideSolutionNode = FALSE
	EndGlobalSection
	GlobalSection(NestedProjects) = preSolution
		{AB82848A-550E-422F-8F91-575630460F6D} = {53DDEA1D-BDE5-47F4-B99C-C3C93B12B1B0}
		{1CF00869-9BCD-4089-B475-785C6B814695} = {144581FA-B358-4893-81D3-823C8BB0C83B}
		{287CEBF8-B153-4388-BAF0-76B0BDC5F326} = {53DDEA1D-BDE5-47F4-B99C-C3C93B12B1B0}
		{BEDD01F9-C1D0-47CD-BB3E-6EB19CA5EA97} = {144581FA-B358-4893-81D3-823C8BB0C83B}
		{98781A47-8391-4F12-830C-33688E9FBAC4} = {144581FA-B358-4893-81D3-823C8BB0C83B}
		{27B96026-AB83-4810-A719-AA8A9A8082DB} = {53DDEA1D-BDE5-47F4-B99C-C3C93B12B1B0}
		{104EBE1F-4700-4189-8B70-F796C51A4575} = {53DDEA1D-BDE5-47F4-B99C-C3C93B12B1B0}
		{60A20C33-9261-40F5-BAAA-83B5798AF946} = {144581FA-B358-4893-81D3-823C8BB0C83B}
	EndGlobalSection
EndGlobal
